
Microsoft Visual Studio Solution File, Format Version 12.00
# Visual Studio Version 17
VisualStudioVersion = 17.10.35004.147
MinimumVisualStudioVersion = 10.0.40219.1
Project("{FAE04EC0-301F-11D3-BF4B-00C04F79EFBC}") = "FoodDelivery", "FoodDelivery.csproj", "{9DA189C9-145B-4583-A0DA-729BF2EE5869}"
EndProject
Global
	GlobalSection(SolutionConfigurationPlatforms) = preSolution
		Debug|Any CPU = Debug|Any CPU
		Release|Any CPU = Release|Any CPU
	EndGlobalSection
	GlobalSection(ProjectConfigurationPlatforms) = postSolution
		{9DA189C9-145B-4583-A0DA-729BF2EE5869}.Debug|Any CPU.ActiveCfg = Debug|Any CPU
		{9DA189C9-145B-4583-A0DA-729BF2EE5869}.Debug|Any CPU.Build.0 = Debug|Any CPU
		{9DA189C9-145B-4583-A0DA-729BF2EE5869}.Release|Any CPU.ActiveCfg = Release|Any CPU
		{9DA189C9-145B-4583-A0DA-729BF2EE5869}.Release|Any CPU.Build.0 = Release|Any CPU
	EndGlobalSection
	GlobalSection(SolutionProperties) = preSolution
		HideSolutionNode = FALSE
	EndGlobalSection
	GlobalSection(ExtensibilityGlobals) = postSolution
		SolutionGuid = {052EBFD4-351F-4548-BC04-38960E92D0EF}
	EndGlobalSection
EndGlobal
